// !$*UTF8*$!
{
	archiveVersion = 1;
	classes = {
	};
	objectVersion = 51;
	objects = {

/* Begin PBXBuildFile section */
		BF27885B2619034F00442254 /* User.swift in Sources */ = {isa = PBXBuildFile; fileRef = BF27885A2619034F00442254 /* User.swift */; };
		BF27885E261A13BD00442254 /* Investor.swift in Sources */ = {isa = PBXBuildFile; fileRef = BF27885D261A13BD00442254 /* Investor.swift */; };
		BF278861261A148B00442254 /* Portfolio.swift in Sources */ = {isa = PBXBuildFile; fileRef = BF278860261A148A00442254 /* Portfolio.swift */; };
		BF27886B261A71F900442254 /* UserData.swift in Sources */ = {isa = PBXBuildFile; fileRef = BF27886A261A71F900442254 /* UserData.swift */; };
		BF2C48D8261D1FBD00E86B93 /* Networking.swift in Sources */ = {isa = PBXBuildFile; fileRef = BF2C48D7261D1FBD00E86B93 /* Networking.swift */; };
		BF2C48EF261DDC1100E86B93 /* HomeViewController.swift in Sources */ = {isa = PBXBuildFile; fileRef = BF2C48EE261DDC1100E86B93 /* HomeViewController.swift */; };
		BF2C48F3261E076F00E86B93 /* CompanyTableViewCell.swift in Sources */ = {isa = PBXBuildFile; fileRef = BF2C48F1261E076F00E86B93 /* CompanyTableViewCell.swift */; };
		BF2C48F4261E076F00E86B93 /* CompanyTableViewCell.xib in Resources */ = {isa = PBXBuildFile; fileRef = BF2C48F2261E076F00E86B93 /* CompanyTableViewCell.xib */; };
		BF2C48FF261F306300E86B93 /* EnterpriseInfo.swift in Sources */ = {isa = PBXBuildFile; fileRef = BF2C48FE261F306300E86B93 /* EnterpriseInfo.swift */; };
		BF2C4902261F312000E86B93 /* EnterpriseType.swift in Sources */ = {isa = PBXBuildFile; fileRef = BF2C4901261F312000E86B93 /* EnterpriseType.swift */; };
		BF2C4905261F324100E86B93 /* Enterprises.swift in Sources */ = {isa = PBXBuildFile; fileRef = BF2C4904261F324100E86B93 /* Enterprises.swift */; };
		BF2C490A261F3F1000E86B93 /* Endpoint.swift in Sources */ = {isa = PBXBuildFile; fileRef = BF72C971261BE676006B20D3 /* Endpoint.swift */; };
		BF2C491B261F51F400E86B93 /* Color.swift in Sources */ = {isa = PBXBuildFile; fileRef = BF2C491A261F51F400E86B93 /* Color.swift */; };
		BF2C4927261F88E400E86B93 /* CompanyDetailViewController.swift in Sources */ = {isa = PBXBuildFile; fileRef = BF2C4926261F88E400E86B93 /* CompanyDetailViewController.swift */; };
		BF72C975261BF023006B20D3 /* Paths.swift in Sources */ = {isa = PBXBuildFile; fileRef = BF72C974261BF023006B20D3 /* Paths.swift */; };
		BF959B932623B91A0092C7AF /* Spinner.swift in Sources */ = {isa = PBXBuildFile; fileRef = BF959B922623B91A0092C7AF /* Spinner.swift */; };
		BFEE0F62261606B700DAA8FF /* AppDelegate.swift in Sources */ = {isa = PBXBuildFile; fileRef = BFEE0F61261606B700DAA8FF /* AppDelegate.swift */; };
		BFEE0F64261606B700DAA8FF /* SceneDelegate.swift in Sources */ = {isa = PBXBuildFile; fileRef = BFEE0F63261606B700DAA8FF /* SceneDelegate.swift */; };
		BFEE0F66261606B700DAA8FF /* LoginViewController.swift in Sources */ = {isa = PBXBuildFile; fileRef = BFEE0F65261606B700DAA8FF /* LoginViewController.swift */; };
		BFEE0F69261606B700DAA8FF /* Main.storyboard in Resources */ = {isa = PBXBuildFile; fileRef = BFEE0F67261606B700DAA8FF /* Main.storyboard */; };
		BFEE0F6B261606BB00DAA8FF /* Assets.xcassets in Resources */ = {isa = PBXBuildFile; fileRef = BFEE0F6A261606BB00DAA8FF /* Assets.xcassets */; };
		BFEE0F6E261606BB00DAA8FF /* LaunchScreen.storyboard in Resources */ = {isa = PBXBuildFile; fileRef = BFEE0F6C261606BB00DAA8FF /* LaunchScreen.storyboard */; };
		BFEE0F792616220600DAA8FF /* Rubik-VariableFont_wght.ttf in Resources */ = {isa = PBXBuildFile; fileRef = BFEE0F772616220600DAA8FF /* Rubik-VariableFont_wght.ttf */; };
		BFEE0F7A2616220600DAA8FF /* Rubik-Italic-VariableFont_wght.ttf in Resources */ = {isa = PBXBuildFile; fileRef = BFEE0F782616220600DAA8FF /* Rubik-Italic-VariableFont_wght.ttf */; };
		E675CAE00057DC237A67CFC0 /* Pods_empresas_ios.framework in Frameworks */ = {isa = PBXBuildFile; fileRef = 3F5DBB606D585D07CA35F0FB /* Pods_empresas_ios.framework */; };
/* End PBXBuildFile section */

/* Begin PBXFileReference section */
		3F5DBB606D585D07CA35F0FB /* Pods_empresas_ios.framework */ = {isa = PBXFileReference; explicitFileType = wrapper.framework; includeInIndex = 0; path = Pods_empresas_ios.framework; sourceTree = BUILT_PRODUCTS_DIR; };
		BF27885A2619034F00442254 /* User.swift */ = {isa = PBXFileReference; lastKnownFileType = sourcecode.swift; path = User.swift; sourceTree = "<group>"; };
		BF27885D261A13BD00442254 /* Investor.swift */ = {isa = PBXFileReference; lastKnownFileType = sourcecode.swift; path = Investor.swift; sourceTree = "<group>"; };
		BF278860261A148A00442254 /* Portfolio.swift */ = {isa = PBXFileReference; lastKnownFileType = sourcecode.swift; path = Portfolio.swift; sourceTree = "<group>"; };
		BF27886A261A71F900442254 /* UserData.swift */ = {isa = PBXFileReference; lastKnownFileType = sourcecode.swift; path = UserData.swift; sourceTree = "<group>"; };
		BF2C48D7261D1FBD00E86B93 /* Networking.swift */ = {isa = PBXFileReference; lastKnownFileType = sourcecode.swift; path = Networking.swift; sourceTree = "<group>"; };
		BF2C48EE261DDC1100E86B93 /* HomeViewController.swift */ = {isa = PBXFileReference; lastKnownFileType = sourcecode.swift; path = HomeViewController.swift; sourceTree = "<group>"; };
		BF2C48F1261E076F00E86B93 /* CompanyTableViewCell.swift */ = {isa = PBXFileReference; lastKnownFileType = sourcecode.swift; path = CompanyTableViewCell.swift; sourceTree = "<group>"; };
		BF2C48F2261E076F00E86B93 /* CompanyTableViewCell.xib */ = {isa = PBXFileReference; lastKnownFileType = file.xib; path = CompanyTableViewCell.xib; sourceTree = "<group>"; };
		BF2C48FE261F306300E86B93 /* EnterpriseInfo.swift */ = {isa = PBXFileReference; lastKnownFileType = sourcecode.swift; path = EnterpriseInfo.swift; sourceTree = "<group>"; };
		BF2C4901261F312000E86B93 /* EnterpriseType.swift */ = {isa = PBXFileReference; lastKnownFileType = sourcecode.swift; path = EnterpriseType.swift; sourceTree = "<group>"; };
		BF2C4904261F324100E86B93 /* Enterprises.swift */ = {isa = PBXFileReference; lastKnownFileType = sourcecode.swift; path = Enterprises.swift; sourceTree = "<group>"; };
		BF2C491A261F51F400E86B93 /* Color.swift */ = {isa = PBXFileReference; lastKnownFileType = sourcecode.swift; path = Color.swift; sourceTree = "<group>"; };
		BF2C4926261F88E400E86B93 /* CompanyDetailViewController.swift */ = {isa = PBXFileReference; lastKnownFileType = sourcecode.swift; path = CompanyDetailViewController.swift; sourceTree = "<group>"; };
		BF72C971261BE676006B20D3 /* Endpoint.swift */ = {isa = PBXFileReference; lastKnownFileType = sourcecode.swift; path = Endpoint.swift; sourceTree = "<group>"; };
		BF72C974261BF023006B20D3 /* Paths.swift */ = {isa = PBXFileReference; lastKnownFileType = sourcecode.swift; path = Paths.swift; sourceTree = "<group>"; };
		BF959B922623B91A0092C7AF /* Spinner.swift */ = {isa = PBXFileReference; lastKnownFileType = sourcecode.swift; path = Spinner.swift; sourceTree = "<group>"; };
		BFEE0F5E261606B700DAA8FF /* empresas-ios.app */ = {isa = PBXFileReference; explicitFileType = wrapper.application; includeInIndex = 0; path = "empresas-ios.app"; sourceTree = BUILT_PRODUCTS_DIR; };
		BFEE0F61261606B700DAA8FF /* AppDelegate.swift */ = {isa = PBXFileReference; lastKnownFileType = sourcecode.swift; path = AppDelegate.swift; sourceTree = "<group>"; };
		BFEE0F63261606B700DAA8FF /* SceneDelegate.swift */ = {isa = PBXFileReference; lastKnownFileType = sourcecode.swift; path = SceneDelegate.swift; sourceTree = "<group>"; };
		BFEE0F65261606B700DAA8FF /* LoginViewController.swift */ = {isa = PBXFileReference; lastKnownFileType = sourcecode.swift; path = LoginViewController.swift; sourceTree = "<group>"; };
		BFEE0F68261606B700DAA8FF /* Base */ = {isa = PBXFileReference; lastKnownFileType = file.storyboard; name = Base; path = Base.lproj/Main.storyboard; sourceTree = "<group>"; };
		BFEE0F6A261606BB00DAA8FF /* Assets.xcassets */ = {isa = PBXFileReference; lastKnownFileType = folder.assetcatalog; path = Assets.xcassets; sourceTree = "<group>"; };
		BFEE0F6D261606BB00DAA8FF /* Base */ = {isa = PBXFileReference; lastKnownFileType = file.storyboard; name = Base; path = Base.lproj/LaunchScreen.storyboard; sourceTree = "<group>"; };
		BFEE0F6F261606BB00DAA8FF /* Info.plist */ = {isa = PBXFileReference; lastKnownFileType = text.plist.xml; path = Info.plist; sourceTree = "<group>"; };
		BFEE0F772616220600DAA8FF /* Rubik-VariableFont_wght.ttf */ = {isa = PBXFileReference; lastKnownFileType = file; path = "Rubik-VariableFont_wght.ttf"; sourceTree = "<group>"; };
		BFEE0F782616220600DAA8FF /* Rubik-Italic-VariableFont_wght.ttf */ = {isa = PBXFileReference; lastKnownFileType = file; path = "Rubik-Italic-VariableFont_wght.ttf"; sourceTree = "<group>"; };
		C92D789A1399C8A5D4DEA291 /* Pods-empresas-ios.release.xcconfig */ = {isa = PBXFileReference; includeInIndex = 1; lastKnownFileType = text.xcconfig; name = "Pods-empresas-ios.release.xcconfig"; path = "Target Support Files/Pods-empresas-ios/Pods-empresas-ios.release.xcconfig"; sourceTree = "<group>"; };
		EE93A0D6DBA458F4ED6BC60C /* Pods-empresas-ios.debug.xcconfig */ = {isa = PBXFileReference; includeInIndex = 1; lastKnownFileType = text.xcconfig; name = "Pods-empresas-ios.debug.xcconfig"; path = "Target Support Files/Pods-empresas-ios/Pods-empresas-ios.debug.xcconfig"; sourceTree = "<group>"; };
/* End PBXFileReference section */

/* Begin PBXFrameworksBuildPhase section */
		BFEE0F5B261606B700DAA8FF /* Frameworks */ = {
			isa = PBXFrameworksBuildPhase;
			buildActionMask = 2147483647;
			files = (
				E675CAE00057DC237A67CFC0 /* Pods_empresas_ios.framework in Frameworks */,
			);
			runOnlyForDeploymentPostprocessing = 0;
		};
/* End PBXFrameworksBuildPhase section */

/* Begin PBXGroup section */
		7FF5E3E0B8F7D815BC303AE0 /* Frameworks */ = {
			isa = PBXGroup;
			children = (
				3F5DBB606D585D07CA35F0FB /* Pods_empresas_ios.framework */,
			);
			name = Frameworks;
			sourceTree = "<group>";
		};
		BF2788592619031D00442254 /* Models */ = {
			isa = PBXGroup;
			children = (
				BF27885A2619034F00442254 /* User.swift */,
				BF27885D261A13BD00442254 /* Investor.swift */,
				BF278860261A148A00442254 /* Portfolio.swift */,
				BF27886A261A71F900442254 /* UserData.swift */,
				BF2C48FE261F306300E86B93 /* EnterpriseInfo.swift */,
				BF2C4901261F312000E86B93 /* EnterpriseType.swift */,
				BF2C4904261F324100E86B93 /* Enterprises.swift */,
				BF2C491A261F51F400E86B93 /* Color.swift */,
				BF959B922623B91A0092C7AF /* Spinner.swift */,
			);
			path = Models;
			sourceTree = "<group>";
		};
		BF2C48F6261E0DAE00E86B93 /* Views */ = {
			isa = PBXGroup;
			children = (
				BF2C48F1261E076F00E86B93 /* CompanyTableViewCell.swift */,
				BF2C48F2261E076F00E86B93 /* CompanyTableViewCell.xib */,
				BFEE0F67261606B700DAA8FF /* Main.storyboard */,
				BFEE0F6C261606BB00DAA8FF /* LaunchScreen.storyboard */,
				BFEE0F6A261606BB00DAA8FF /* Assets.xcassets */,
			);
			path = Views;
			sourceTree = "<group>";
		};
		BF2C4907261F3E9B00E86B93 /* App Delegates */ = {
			isa = PBXGroup;
			children = (
				BFEE0F61261606B700DAA8FF /* AppDelegate.swift */,
				BFEE0F63261606B700DAA8FF /* SceneDelegate.swift */,
			);
			path = "App Delegates";
			sourceTree = "<group>";
		};
		BF2C4908261F3EDB00E86B93 /* Supporting Files */ = {
			isa = PBXGroup;
			children = (
				BFEE0F6F261606BB00DAA8FF /* Info.plist */,
			);
			path = "Supporting Files";
			sourceTree = "<group>";
		};
		BF2C4909261F3EF600E86B93 /* Controllers */ = {
			isa = PBXGroup;
			children = (
				BFEE0F65261606B700DAA8FF /* LoginViewController.swift */,
				BF2C48EE261DDC1100E86B93 /* HomeViewController.swift */,
				BF2C4926261F88E400E86B93 /* CompanyDetailViewController.swift */,
			);
			path = Controllers;
			sourceTree = "<group>";
		};
		BF2C4914261F3FF900E86B93 /* Network */ = {
			isa = PBXGroup;
			children = (
				BF2C48D7261D1FBD00E86B93 /* Networking.swift */,
				BF72C971261BE676006B20D3 /* Endpoint.swift */,
				BF72C974261BF023006B20D3 /* Paths.swift */,
			);
			path = Network;
			sourceTree = "<group>";
		};
		BFEE0F55261606B700DAA8FF = {
			isa = PBXGroup;
			children = (
				BFEE0F60261606B700DAA8FF /* empresas-ios */,
				BFEE0F5F261606B700DAA8FF /* Products */,
				C76613CC5A331005D45BC3D3 /* Pods */,
				7FF5E3E0B8F7D815BC303AE0 /* Frameworks */,
			);
			sourceTree = "<group>";
		};
		BFEE0F5F261606B700DAA8FF /* Products */ = {
			isa = PBXGroup;
			children = (
				BFEE0F5E261606B700DAA8FF /* empresas-ios.app */,
			);
			name = Products;
			sourceTree = "<group>";
		};
		BFEE0F60261606B700DAA8FF /* empresas-ios */ = {
			isa = PBXGroup;
			children = (
				BF2C4914261F3FF900E86B93 /* Network */,
				BF2C4909261F3EF600E86B93 /* Controllers */,
				BF2C4908261F3EDB00E86B93 /* Supporting Files */,
				BF2C4907261F3E9B00E86B93 /* App Delegates */,
				BF2C48F6261E0DAE00E86B93 /* Views */,
				BF2788592619031D00442254 /* Models */,
				BFEE0F76261621BA00DAA8FF /* Fonts */,
			);
			path = "empresas-ios";
			sourceTree = "<group>";
		};
		BFEE0F76261621BA00DAA8FF /* Fonts */ = {
			isa = PBXGroup;
			children = (
				BFEE0F782616220600DAA8FF /* Rubik-Italic-VariableFont_wght.ttf */,
				BFEE0F772616220600DAA8FF /* Rubik-VariableFont_wght.ttf */,
			);
			path = Fonts;
			sourceTree = "<group>";
		};
		C76613CC5A331005D45BC3D3 /* Pods */ = {
			isa = PBXGroup;
			children = (
				EE93A0D6DBA458F4ED6BC60C /* Pods-empresas-ios.debug.xcconfig */,
				C92D789A1399C8A5D4DEA291 /* Pods-empresas-ios.release.xcconfig */,
			);
			path = Pods;
			sourceTree = "<group>";
		};
/* End PBXGroup section */

/* Begin PBXNativeTarget section */
		BFEE0F5D261606B700DAA8FF /* empresas-ios */ = {
			isa = PBXNativeTarget;
			buildConfigurationList = BFEE0F72261606BB00DAA8FF /* Build configuration list for PBXNativeTarget "empresas-ios" */;
			buildPhases = (
				3A00DF10E1F93B95BADD8B44 /* [CP] Check Pods Manifest.lock */,
				BFEE0F5A261606B700DAA8FF /* Sources */,
				BFEE0F5B261606B700DAA8FF /* Frameworks */,
				BFEE0F5C261606B700DAA8FF /* Resources */,
				BF278867261A512700442254 /* ShellScript */,
				34ECE21DAE3F1266BF7A5318 /* [CP] Embed Pods Frameworks */,
			);
			buildRules = (
			);
			dependencies = (
			);
			name = "empresas-ios";
			productName = "empresas-ios";
			productReference = BFEE0F5E261606B700DAA8FF /* empresas-ios.app */;
			productType = "com.apple.product-type.application";
		};
/* End PBXNativeTarget section */

/* Begin PBXProject section */
		BFEE0F56261606B700DAA8FF /* Project object */ = {
			isa = PBXProject;
			attributes = {
				LastSwiftUpdateCheck = 1240;
				LastUpgradeCheck = 1240;
				TargetAttributes = {
					BFEE0F5D261606B700DAA8FF = {
						CreatedOnToolsVersion = 12.4;
					};
				};
			};
			buildConfigurationList = BFEE0F59261606B700DAA8FF /* Build configuration list for PBXProject "empresas-ios" */;
			compatibilityVersion = "Xcode 9.3";
			developmentRegion = en;
			hasScannedForEncodings = 0;
			knownRegions = (
				en,
				Base,
			);
			mainGroup = BFEE0F55261606B700DAA8FF;
			productRefGroup = BFEE0F5F261606B700DAA8FF /* Products */;
			projectDirPath = "";
			projectRoot = "";
			targets = (
				BFEE0F5D261606B700DAA8FF /* empresas-ios */,
			);
		};
/* End PBXProject section */

/* Begin PBXResourcesBuildPhase section */
		BFEE0F5C261606B700DAA8FF /* Resources */ = {
			isa = PBXResourcesBuildPhase;
			buildActionMask = 2147483647;
			files = (
				BFEE0F7A2616220600DAA8FF /* Rubik-Italic-VariableFont_wght.ttf in Resources */,
				BFEE0F6E261606BB00DAA8FF /* LaunchScreen.storyboard in Resources */,
				BFEE0F6B261606BB00DAA8FF /* Assets.xcassets in Resources */,
				BF2C48F4261E076F00E86B93 /* CompanyTableViewCell.xib in Resources */,
				BFEE0F69261606B700DAA8FF /* Main.storyboard in Resources */,
				BFEE0F792616220600DAA8FF /* Rubik-VariableFont_wght.ttf in Resources */,
			);
			runOnlyForDeploymentPostprocessing = 0;
		};
/* End PBXResourcesBuildPhase section */

/* Begin PBXShellScriptBuildPhase section */
		34ECE21DAE3F1266BF7A5318 /* [CP] Embed Pods Frameworks */ = {
			isa = PBXShellScriptBuildPhase;
			buildActionMask = 2147483647;
			files = (
			);
			inputFileListPaths = (
				"${PODS_ROOT}/Target Support Files/Pods-empresas-ios/Pods-empresas-ios-frameworks-${CONFIGURATION}-input-files.xcfilelist",
			);
			name = "[CP] Embed Pods Frameworks";
			outputFileListPaths = (
				"${PODS_ROOT}/Target Support Files/Pods-empresas-ios/Pods-empresas-ios-frameworks-${CONFIGURATION}-output-files.xcfilelist",
			);
			runOnlyForDeploymentPostprocessing = 0;
			shellPath = /bin/sh;
			shellScript = "\"${PODS_ROOT}/Target Support Files/Pods-empresas-ios/Pods-empresas-ios-frameworks.sh\"\n";
			showEnvVarsInLog = 0;
		};
		3A00DF10E1F93B95BADD8B44 /* [CP] Check Pods Manifest.lock */ = {
			isa = PBXShellScriptBuildPhase;
			buildActionMask = 2147483647;
			files = (
			);
			inputFileListPaths = (
			);
			inputPaths = (
				"${PODS_PODFILE_DIR_PATH}/Podfile.lock",
				"${PODS_ROOT}/Manifest.lock",
			);
			name = "[CP] Check Pods Manifest.lock";
			outputFileListPaths = (
			);
			outputPaths = (
				"$(DERIVED_FILE_DIR)/Pods-empresas-ios-checkManifestLockResult.txt",
			);
			runOnlyForDeploymentPostprocessing = 0;
			shellPath = /bin/sh;
			shellScript = "diff \"${PODS_PODFILE_DIR_PATH}/Podfile.lock\" \"${PODS_ROOT}/Manifest.lock\" > /dev/null\nif [ $? != 0 ] ; then\n    # print error to STDERR\n    echo \"error: The sandbox is not in sync with the Podfile.lock. Run 'pod install' or update your CocoaPods installation.\" >&2\n    exit 1\nfi\n# This output is used by Xcode 'outputs' to avoid re-running this script phase.\necho \"SUCCESS\" > \"${SCRIPT_OUTPUT_FILE_0}\"\n";
			showEnvVarsInLog = 0;
		};
		BF278867261A512700442254 /* ShellScript */ = {
			isa = PBXShellScriptBuildPhase;
			buildActionMask = 2147483647;
			files = (
			);
			inputFileListPaths = (
			);
			inputPaths = (
			);
			outputFileListPaths = (
			);
			outputPaths = (
			);
			runOnlyForDeploymentPostprocessing = 0;
			shellPath = /bin/sh;
			shellScript = "# Type a script or drag a script file from your workspace to insert its path.\n\"${PODS_ROOT}/SwiftLint/swiftlint\"\n";
		};
/* End PBXShellScriptBuildPhase section */

/* Begin PBXSourcesBuildPhase section */
		BFEE0F5A261606B700DAA8FF /* Sources */ = {
			isa = PBXSourcesBuildPhase;
			buildActionMask = 2147483647;
			files = (
				BF2C4927261F88E400E86B93 /* CompanyDetailViewController.swift in Sources */,
				BF959B932623B91A0092C7AF /* Spinner.swift in Sources */,
				BFEE0F66261606B700DAA8FF /* LoginViewController.swift in Sources */,
				BF2C48D8261D1FBD00E86B93 /* Networking.swift in Sources */,
				BF27885E261A13BD00442254 /* Investor.swift in Sources */,
				BF2C4902261F312000E86B93 /* EnterpriseType.swift in Sources */,
				BF2C4905261F324100E86B93 /* Enterprises.swift in Sources */,
				BF2C491B261F51F400E86B93 /* Color.swift in Sources */,
				BF2C48FF261F306300E86B93 /* EnterpriseInfo.swift in Sources */,
				BF27886B261A71F900442254 /* UserData.swift in Sources */,
				BFEE0F62261606B700DAA8FF /* AppDelegate.swift in Sources */,
				BF278861261A148B00442254 /* Portfolio.swift in Sources */,
				BF2C490A261F3F1000E86B93 /* Endpoint.swift in Sources */,
				BF2C48F3261E076F00E86B93 /* CompanyTableViewCell.swift in Sources */,
				BF2C48EF261DDC1100E86B93 /* HomeViewController.swift in Sources */,
				BF72C975261BF023006B20D3 /* Paths.swift in Sources */,
				BFEE0F64261606B700DAA8FF /* SceneDelegate.swift in Sources */,
				BF27885B2619034F00442254 /* User.swift in Sources */,
			);
			runOnlyForDeploymentPostprocessing = 0;
		};
/* End PBXSourcesBuildPhase section */

/* Begin PBXVariantGroup section */
		BFEE0F67261606B700DAA8FF /* Main.storyboard */ = {
			isa = PBXVariantGroup;
			children = (
				BFEE0F68261606B700DAA8FF /* Base */,
			);
			name = Main.storyboard;
			sourceTree = "<group>";
		};
		BFEE0F6C261606BB00DAA8FF /* LaunchScreen.storyboard */ = {
			isa = PBXVariantGroup;
			children = (
				BFEE0F6D261606BB00DAA8FF /* Base */,
			);
			name = LaunchScreen.storyboard;
			sourceTree = "<group>";
		};
/* End PBXVariantGroup section */

/* Begin XCBuildConfiguration section */
		BFEE0F70261606BB00DAA8FF /* Debug */ = {
			isa = XCBuildConfiguration;
			buildSettings = {
				ALWAYS_SEARCH_USER_PATHS = NO;
				CLANG_ANALYZER_NONNULL = YES;
				CLANG_ANALYZER_NUMBER_OBJECT_CONVERSION = YES_AGGRESSIVE;
				CLANG_CXX_LANGUAGE_STANDARD = "gnu++14";
				CLANG_CXX_LIBRARY = "libc++";
				CLANG_ENABLE_MODULES = YES;
				CLANG_ENABLE_OBJC_ARC = YES;
				CLANG_ENABLE_OBJC_WEAK = YES;
				CLANG_WARN_BLOCK_CAPTURE_AUTORELEASING = YES;
				CLANG_WARN_BOOL_CONVERSION = YES;
				CLANG_WARN_COMMA = YES;
				CLANG_WARN_CONSTANT_CONVERSION = YES;
				CLANG_WARN_DEPRECATED_OBJC_IMPLEMENTATIONS = YES;
				CLANG_WARN_DIRECT_OBJC_ISA_USAGE = YES_ERROR;
				CLANG_WARN_DOCUMENTATION_COMMENTS = YES;
				CLANG_WARN_EMPTY_BODY = YES;
				CLANG_WARN_ENUM_CONVERSION = YES;
				CLANG_WARN_INFINITE_RECURSION = YES;
				CLANG_WARN_INT_CONVERSION = YES;
				CLANG_WARN_NON_LITERAL_NULL_CONVERSION = YES;
				CLANG_WARN_OBJC_IMPLICIT_RETAIN_SELF = YES;
				CLANG_WARN_OBJC_LITERAL_CONVERSION = YES;
				CLANG_WARN_OBJC_ROOT_CLASS = YES_ERROR;
				CLANG_WARN_QUOTED_INCLUDE_IN_FRAMEWORK_HEADER = YES;
				CLANG_WARN_RANGE_LOOP_ANALYSIS = YES;
				CLANG_WARN_STRICT_PROTOTYPES = YES;
				CLANG_WARN_SUSPICIOUS_MOVE = YES;
				CLANG_WARN_UNGUARDED_AVAILABILITY = YES_AGGRESSIVE;
				CLANG_WARN_UNREACHABLE_CODE = YES;
				CLANG_WARN__DUPLICATE_METHOD_MATCH = YES;
				COPY_PHASE_STRIP = NO;
				DEBUG_INFORMATION_FORMAT = dwarf;
				ENABLE_STRICT_OBJC_MSGSEND = YES;
				ENABLE_TESTABILITY = YES;
				GCC_C_LANGUAGE_STANDARD = gnu11;
				GCC_DYNAMIC_NO_PIC = NO;
				GCC_NO_COMMON_BLOCKS = YES;
				GCC_OPTIMIZATION_LEVEL = 0;
				GCC_PREPROCESSOR_DEFINITIONS = (
					"DEBUG=1",
					"$(inherited)",
				);
				GCC_WARN_64_TO_32_BIT_CONVERSION = YES;
				GCC_WARN_ABOUT_RETURN_TYPE = YES_ERROR;
				GCC_WARN_UNDECLARED_SELECTOR = YES;
				GCC_WARN_UNINITIALIZED_AUTOS = YES_AGGRESSIVE;
				GCC_WARN_UNUSED_FUNCTION = YES;
				GCC_WARN_UNUSED_VARIABLE = YES;
				IPHONEOS_DEPLOYMENT_TARGET = 14.4;
				MTL_ENABLE_DEBUG_INFO = INCLUDE_SOURCE;
				MTL_FAST_MATH = YES;
				ONLY_ACTIVE_ARCH = YES;
				SDKROOT = iphoneos;
				SWIFT_ACTIVE_COMPILATION_CONDITIONS = DEBUG;
				SWIFT_OPTIMIZATION_LEVEL = "-Onone";
			};
			name = Debug;
		};
		BFEE0F71261606BB00DAA8FF /* Release */ = {
			isa = XCBuildConfiguration;
			buildSettings = {
				ALWAYS_SEARCH_USER_PATHS = NO;
				CLANG_ANALYZER_NONNULL = YES;
				CLANG_ANALYZER_NUMBER_OBJECT_CONVERSION = YES_AGGRESSIVE;
				CLANG_CXX_LANGUAGE_STANDARD = "gnu++14";
				CLANG_CXX_LIBRARY = "libc++";
				CLANG_ENABLE_MODULES = YES;
				CLANG_ENABLE_OBJC_ARC = YES;
				CLANG_ENABLE_OBJC_WEAK = YES;
				CLANG_WARN_BLOCK_CAPTURE_AUTORELEASING = YES;
				CLANG_WARN_BOOL_CONVERSION = YES;
				CLANG_WARN_COMMA = YES;
				CLANG_WARN_CONSTANT_CONVERSION = YES;
				CLANG_WARN_DEPRECATED_OBJC_IMPLEMENTATIONS = YES;
				CLANG_WARN_DIRECT_OBJC_ISA_USAGE = YES_ERROR;
				CLANG_WARN_DOCUMENTATION_COMMENTS = YES;
				CLANG_WARN_EMPTY_BODY = YES;
				CLANG_WARN_ENUM_CONVERSION = YES;
				CLANG_WARN_INFINITE_RECURSION = YES;
				CLANG_WARN_INT_CONVERSION = YES;
				CLANG_WARN_NON_LITERAL_NULL_CONVERSION = YES;
				CLANG_WARN_OBJC_IMPLICIT_RETAIN_SELF = YES;
				CLANG_WARN_OBJC_LITERAL_CONVERSION = YES;
				CLANG_WARN_OBJC_ROOT_CLASS = YES_ERROR;
				CLANG_WARN_QUOTED_INCLUDE_IN_FRAMEWORK_HEADER = YES;
				CLANG_WARN_RANGE_LOOP_ANALYSIS = YES;
				CLANG_WARN_STRICT_PROTOTYPES = YES;
				CLANG_WARN_SUSPICIOUS_MOVE = YES;
				CLANG_WARN_UNGUARDED_AVAILABILITY = YES_AGGRESSIVE;
				CLANG_WARN_UNREACHABLE_CODE = YES;
				CLANG_WARN__DUPLICATE_METHOD_MATCH = YES;
				COPY_PHASE_STRIP = NO;
				DEBUG_INFORMATION_FORMAT = "dwarf-with-dsym";
				ENABLE_NS_ASSERTIONS = NO;
				ENABLE_STRICT_OBJC_MSGSEND = YES;
				GCC_C_LANGUAGE_STANDARD = gnu11;
				GCC_NO_COMMON_BLOCKS = YES;
				GCC_WARN_64_TO_32_BIT_CONVERSION = YES;
				GCC_WARN_ABOUT_RETURN_TYPE = YES_ERROR;
				GCC_WARN_UNDECLARED_SELECTOR = YES;
				GCC_WARN_UNINITIALIZED_AUTOS = YES_AGGRESSIVE;
				GCC_WARN_UNUSED_FUNCTION = YES;
				GCC_WARN_UNUSED_VARIABLE = YES;
				IPHONEOS_DEPLOYMENT_TARGET = 14.4;
				MTL_ENABLE_DEBUG_INFO = NO;
				MTL_FAST_MATH = YES;
				SDKROOT = iphoneos;
				SWIFT_COMPILATION_MODE = wholemodule;
				SWIFT_OPTIMIZATION_LEVEL = "-O";
				VALIDATE_PRODUCT = YES;
			};
			name = Release;
		};
		BFEE0F73261606BB00DAA8FF /* Debug */ = {
			isa = XCBuildConfiguration;
			baseConfigurationReference = EE93A0D6DBA458F4ED6BC60C /* Pods-empresas-ios.debug.xcconfig */;
			buildSettings = {
				ASSETCATALOG_COMPILER_APPICON_NAME = AppIcon;
				ASSETCATALOG_COMPILER_GLOBAL_ACCENT_COLOR_NAME = AccentColor;
				CODE_SIGN_STYLE = Automatic;
				DEVELOPMENT_TEAM = 3CV7BCTMKP;
				INFOPLIST_FILE = "empresas-ios/Supporting Files/Info.plist";
				LD_RUNPATH_SEARCH_PATHS = (
					"$(inherited)",
					"@executable_path/Frameworks",
				);
				PRODUCT_BUNDLE_IDENTIFIER = "henriquebarbosa.empresas-ios";
				PRODUCT_NAME = "$(TARGET_NAME)";
				SWIFT_VERSION = 5.0;
				TARGETED_DEVICE_FAMILY = "1,2";
			};
			name = Debug;
		};
		BFEE0F74261606BB00DAA8FF /* Release */ = {
			isa = XCBuildConfiguration;
			baseConfigurationReference = C92D789A1399C8A5D4DEA291 /* Pods-empresas-ios.release.xcconfig */;
			buildSettings = {
				ASSETCATALOG_COMPILER_APPICON_NAME = AppIcon;
				ASSETCATALOG_COMPILER_GLOBAL_ACCENT_COLOR_NAME = AccentColor;
				CODE_SIGN_STYLE = Automatic;
				DEVELOPMENT_TEAM = 3CV7BCTMKP;
				INFOPLIST_FILE = "empresas-ios/Supporting Files/Info.plist";
				LD_RUNPATH_SEARCH_PATHS = (
					"$(inherited)",
					"@executable_path/Frameworks",
				);
				PRODUCT_BUNDLE_IDENTIFIER = "henriquebarbosa.empresas-ios";
				PRODUCT_NAME = "$(TARGET_NAME)";
				SWIFT_VERSION = 5.0;
				TARGETED_DEVICE_FAMILY = "1,2";
			};
			name = Release;
		};
/* End XCBuildConfiguration section */

/* Begin XCConfigurationList section */
		BFEE0F59261606B700DAA8FF /* Build configuration list for PBXProject "empresas-ios" */ = {
			isa = XCConfigurationList;
			buildConfigurations = (
				BFEE0F70261606BB00DAA8FF /* Debug */,
				BFEE0F71261606BB00DAA8FF /* Release */,
			);
			defaultConfigurationIsVisible = 0;
			defaultConfigurationName = Release;
		};
		BFEE0F72261606BB00DAA8FF /* Build configuration list for PBXNativeTarget "empresas-ios" */ = {
			isa = XCConfigurationList;
			buildConfigurations = (
				BFEE0F73261606BB00DAA8FF /* Debug */,
				BFEE0F74261606BB00DAA8FF /* Release */,
			);
			defaultConfigurationIsVisible = 0;
			defaultConfigurationName = Release;
		};
/* End XCConfigurationList section */
	};
	rootObject = BFEE0F56261606B700DAA8FF /* Project object */;
}
